
Microsoft Visual Studio Solution File, Format Version 12.00
# Visual Studio Version 17
VisualStudioVersion = 17.1.32210.238
MinimumVisualStudioVersion = 10.0.40219.1
Project("{9A19103F-16F7-4668-BE54-9A1E7A4F7556}") = "OIC", "OIC.csproj", "{6A44696C-8100-4728-8953-0EBDF0B7A74F}"
EndProject
Global
	GlobalSection(SolutionConfigurationPlatforms) = preSolution
		Debug|Any CPU = Debug|Any CPU
		Release|Any CPU = Release|Any CPU
	EndGlobalSection
	GlobalSection(ProjectConfigurationPlatforms) = postSolution
		{6A44696C-8100-4728-8953-0EBDF0B7A74F}.Debug|Any CPU.ActiveCfg = Debug|Any CPU
		{6A44696C-8100-4728-8953-0EBDF0B7A74F}.Debug|Any CPU.Build.0 = Debug|Any CPU
		{6A44696C-8100-4728-8953-0EBDF0B7A74F}.Release|Any CPU.ActiveCfg = Release|Any CPU
		{6A44696C-8100-4728-8953-0EBDF0B7A74F}.Release|Any CPU.Build.0 = Release|Any CPU
	EndGlobalSection
	GlobalSection(SolutionProperties) = preSolution
		HideSolutionNode = FALSE
	EndGlobalSection
	GlobalSection(ExtensibilityGlobals) = postSolution
		SolutionGuid = {5AAD5584-840B-4921-BFD5-18CFDBB8B31F}
	EndGlobalSection
EndGlobal
